
Microsoft Visual Studio Solution File, Format Version 12.00
# Visual Studio 2013
VisualStudioVersion = 12.0.21005.1
MinimumVisualStudioVersion = 10.0.40219.1
Project("{2150E333-8FDC-42A3-9474-1A3956D46DE8}") = "UI", "UI", "{75F6DC4F-0904-4E43-BAE4-4F48E88FD498}"
EndProject
Project("{2150E333-8FDC-42A3-9474-1A3956D46DE8}") = "公共", "公共", "{CB461C44-77C5-4093-9072-381DAFBC34D2}"
EndProject
Project("{2150E333-8FDC-42A3-9474-1A3956D46DE8}") = "实体", "实体", "{2CB0D288-F91B-4DE8-9A4F-99AD6B93BC25}"
EndProject
Project("{2150E333-8FDC-42A3-9474-1A3956D46DE8}") = "数据访问", "数据访问", "{90E6907F-4AD2-4202-B97A-F87C07C34C15}"
EndProject
Project("{2150E333-8FDC-42A3-9474-1A3956D46DE8}") = "业务逻辑", "业务逻辑", "{1E875C0D-E687-43AB-93E9-AE763F6FABB2}"
EndProject
Project("{2150E333-8FDC-42A3-9474-1A3956D46DE8}") = "后台", "后台", "{215CEC86-726A-467C-9A17-FA2A637DE5CD}"
EndProject
Project("{2150E333-8FDC-42A3-9474-1A3956D46DE8}") = "前台", "前台", "{63DAFBE7-9812-4E3F-A733-883CB9549465}"
EndProject
Project("{FAE04EC0-301F-11D3-BF4B-00C04F79EFBC}") = "ProjectDemo.Common", "ProjectDemo.Common\ProjectDemo.Common.csproj", "{6439125D-7879-4264-9A12-A41EB67A955C}"
EndProject
Project("{FAE04EC0-301F-11D3-BF4B-00C04F79EFBC}") = "ProjectDemo.Model", "ProjectDemo.Model\ProjectDemo.Model.csproj", "{6766D2FD-2E19-4631-80D5-BD3D73E62657}"
EndProject
Project("{FAE04EC0-301F-11D3-BF4B-00C04F79EFBC}") = "ProjectDemo.DAL", "ProjectDemo.DAL\ProjectDemo.DAL.csproj", "{56554075-353F-481B-BF20-B7360EAB6948}"
EndProject
Project("{FAE04EC0-301F-11D3-BF4B-00C04F79EFBC}") = "ProjectDemo.BLL", "ProjectDemo.BLL\ProjectDemo.BLL.csproj", "{77F0AB8A-C1F7-4125-BE81-4A7F601A76E3}"
EndProject
Project("{FAE04EC0-301F-11D3-BF4B-00C04F79EFBC}") = "ProjectDemo.DBUtility", "ProjectDemo.DBUtility\ProjectDemo.DBUtility.csproj", "{F47894DF-4F08-42E9-8905-278DB4DC396D}"
EndProject
Project("{FAE04EC0-301F-11D3-BF4B-00C04F79EFBC}") = "ProjectDemo.OPPortal", "ProjectDemo.OPPortal\ProjectDemo.OPPortal.csproj", "{C857D08E-6470-4FE0-9D35-11E7CC5F06BE}"
EndProject
Project("{FAE04EC0-301F-11D3-BF4B-00C04F79EFBC}") = "ProjectDemo.Portal", "ProjectDemo.Portal\ProjectDemo.Portal.csproj", "{4B713AC6-AC7D-4694-9114-CBC41F829496}"
EndProject
Global
	GlobalSection(SolutionConfigurationPlatforms) = preSolution
		Debug|Any CPU = Debug|Any CPU
		Release|Any CPU = Release|Any CPU
	EndGlobalSection
	GlobalSection(ProjectConfigurationPlatforms) = postSolution
		{6439125D-7879-4264-9A12-A41EB67A955C}.Debug|Any CPU.ActiveCfg = Debug|Any CPU
		{6439125D-7879-4264-9A12-A41EB67A955C}.Debug|Any CPU.Build.0 = Debug|Any CPU
		{6439125D-7879-4264-9A12-A41EB67A955C}.Release|Any CPU.ActiveCfg = Release|Any CPU
		{6439125D-7879-4264-9A12-A41EB67A955C}.Release|Any CPU.Build.0 = Release|Any CPU
		{6766D2FD-2E19-4631-80D5-BD3D73E62657}.Debug|Any CPU.ActiveCfg = Debug|Any CPU
		{6766D2FD-2E19-4631-80D5-BD3D73E62657}.Debug|Any CPU.Build.0 = Debug|Any CPU
		{6766D2FD-2E19-4631-80D5-BD3D73E62657}.Release|Any CPU.ActiveCfg = Release|Any CPU
		{6766D2FD-2E19-4631-80D5-BD3D73E62657}.Release|Any CPU.Build.0 = Release|Any CPU
		{56554075-353F-481B-BF20-B7360EAB6948}.Debug|Any CPU.ActiveCfg = Debug|Any CPU
		{56554075-353F-481B-BF20-B7360EAB6948}.Debug|Any CPU.Build.0 = Debug|Any CPU
		{56554075-353F-481B-BF20-B7360EAB6948}.Release|Any CPU.ActiveCfg = Release|Any CPU
		{56554075-353F-481B-BF20-B7360EAB6948}.Release|Any CPU.Build.0 = Release|Any CPU
		{77F0AB8A-C1F7-4125-BE81-4A7F601A76E3}.Debug|Any CPU.ActiveCfg = Debug|Any CPU
		{77F0AB8A-C1F7-4125-BE81-4A7F601A76E3}.Debug|Any CPU.Build.0 = Debug|Any CPU
		{77F0AB8A-C1F7-4125-BE81-4A7F601A76E3}.Release|Any CPU.ActiveCfg = Release|Any CPU
		{77F0AB8A-C1F7-4125-BE81-4A7F601A76E3}.Release|Any CPU.Build.0 = Release|Any CPU
		{F47894DF-4F08-42E9-8905-278DB4DC396D}.Debug|Any CPU.ActiveCfg = Debug|Any CPU
		{F47894DF-4F08-42E9-8905-278DB4DC396D}.Debug|Any CPU.Build.0 = Debug|Any CPU
		{F47894DF-4F08-42E9-8905-278DB4DC396D}.Release|Any CPU.ActiveCfg = Release|Any CPU
		{F47894DF-4F08-42E9-8905-278DB4DC396D}.Release|Any CPU.Build.0 = Release|Any CPU
		{C857D08E-6470-4FE0-9D35-11E7CC5F06BE}.Debug|Any CPU.ActiveCfg = Debug|Any CPU
		{C857D08E-6470-4FE0-9D35-11E7CC5F06BE}.Debug|Any CPU.Build.0 = Debug|Any CPU
		{C857D08E-6470-4FE0-9D35-11E7CC5F06BE}.Release|Any CPU.ActiveCfg = Release|Any CPU
		{C857D08E-6470-4FE0-9D35-11E7CC5F06BE}.Release|Any CPU.Build.0 = Release|Any CPU
		{4B713AC6-AC7D-4694-9114-CBC41F829496}.Debug|Any CPU.ActiveCfg = Debug|Any CPU
		{4B713AC6-AC7D-4694-9114-CBC41F829496}.Debug|Any CPU.Build.0 = Debug|Any CPU
		{4B713AC6-AC7D-4694-9114-CBC41F829496}.Release|Any CPU.ActiveCfg = Release|Any CPU
		{4B713AC6-AC7D-4694-9114-CBC41F829496}.Release|Any CPU.Build.0 = Release|Any CPU
	EndGlobalSection
	GlobalSection(SolutionProperties) = preSolution
		HideSolutionNode = FALSE
	EndGlobalSection
	GlobalSection(NestedProjects) = preSolution
		{215CEC86-726A-467C-9A17-FA2A637DE5CD} = {75F6DC4F-0904-4E43-BAE4-4F48E88FD498}
		{63DAFBE7-9812-4E3F-A733-883CB9549465} = {75F6DC4F-0904-4E43-BAE4-4F48E88FD498}
		{6439125D-7879-4264-9A12-A41EB67A955C} = {CB461C44-77C5-4093-9072-381DAFBC34D2}
		{6766D2FD-2E19-4631-80D5-BD3D73E62657} = {2CB0D288-F91B-4DE8-9A4F-99AD6B93BC25}
		{56554075-353F-481B-BF20-B7360EAB6948} = {90E6907F-4AD2-4202-B97A-F87C07C34C15}
		{F47894DF-4F08-42E9-8905-278DB4DC396D} = {90E6907F-4AD2-4202-B97A-F87C07C34C15}
		{77F0AB8A-C1F7-4125-BE81-4A7F601A76E3} = {1E875C0D-E687-43AB-93E9-AE763F6FABB2}
		{C857D08E-6470-4FE0-9D35-11E7CC5F06BE} = {215CEC86-726A-467C-9A17-FA2A637DE5CD}
		{4B713AC6-AC7D-4694-9114-CBC41F829496} = {63DAFBE7-9812-4E3F-A733-883CB9549465}
	EndGlobalSection
EndGlobal
